
Microsoft Visual Studio Solution File, Format Version 12.00
# Visual Studio Version 16
VisualStudioVersion = 16.0.809.4
MinimumVisualStudioVersion = 10.0.40219.1
Project("{FAE04EC0-301F-11D3-BF4B-00C04F79EFBC}") = "Niteco", "Niteco.csproj", "{47154174-4F65-4791-B5AC-AB8F0384E1FB}"
EndProject
Global
	GlobalSection(SolutionConfigurationPlatforms) = preSolution
		Debug|Any CPU = Debug|Any CPU
		Release|Any CPU = Release|Any CPU
	EndGlobalSection
	GlobalSection(ProjectConfigurationPlatforms) = postSolution
		{47154174-4F65-4791-B5AC-AB8F0384E1FB}.Debug|Any CPU.ActiveCfg = Debug|Any CPU
		{47154174-4F65-4791-B5AC-AB8F0384E1FB}.Debug|Any CPU.Build.0 = Debug|Any CPU
		{47154174-4F65-4791-B5AC-AB8F0384E1FB}.Release|Any CPU.ActiveCfg = Release|Any CPU
		{47154174-4F65-4791-B5AC-AB8F0384E1FB}.Release|Any CPU.Build.0 = Release|Any CPU
	EndGlobalSection
	GlobalSection(SolutionProperties) = preSolution
		HideSolutionNode = FALSE
	EndGlobalSection
	GlobalSection(ExtensibilityGlobals) = postSolution
		SolutionGuid = {C1333610-DF81-4633-B06A-542C3681AF97}
	EndGlobalSection
EndGlobal
